
Microsoft Visual Studio Solution File, Format Version 10.00
# Visual Studio 2008
Project("{FAE04EC0-301F-11D3-BF4B-00C04F79EFBC}") = "MaterialCore", "MaterialCore\MaterialCore.csproj", "{BA61BB7D-72E9-44EF-99B9-69CA5E674A1B}"
EndProject
Project("{54435603-DBB4-11D2-8724-00A0C9A8B90C}") = "CoreMaterialesSetup", "CoreMaterialesSetup\CoreMaterialesSetup.vdproj", "{31F196A7-1FA4-4D91-A030-94B881D1C7CC}"
EndProject
Project("{D183A3D8-5FD8-494B-B014-37F57B35E655}") = "Integration Services", "Integration Services\Integration Services.dtproj", "{17B02DA6-7119-4EEC-AED2-916E21AD5649}"
EndProject
Project("{FAE04EC0-301F-11D3-BF4B-00C04F79EFBC}") = "EjecutaPaquete", "EjecutaPaquete\EjecutaPaquete.csproj", "{333CA155-A5F6-4CFD-A5CC-CCA9370FFBBD}"
EndProject
Global
	GlobalSection(SolutionConfigurationPlatforms) = preSolution
		Debug|Any CPU = Debug|Any CPU
		Development|Any CPU = Development|Any CPU
		Release|Any CPU = Release|Any CPU
	EndGlobalSection
	GlobalSection(ProjectConfigurationPlatforms) = postSolution
		{BA61BB7D-72E9-44EF-99B9-69CA5E674A1B}.Debug|Any CPU.ActiveCfg = Debug|Any CPU
		{BA61BB7D-72E9-44EF-99B9-69CA5E674A1B}.Debug|Any CPU.Build.0 = Debug|Any CPU
		{BA61BB7D-72E9-44EF-99B9-69CA5E674A1B}.Development|Any CPU.ActiveCfg = Debug|Any CPU
		{BA61BB7D-72E9-44EF-99B9-69CA5E674A1B}.Development|Any CPU.Build.0 = Debug|Any CPU
		{BA61BB7D-72E9-44EF-99B9-69CA5E674A1B}.Release|Any CPU.ActiveCfg = Release|Any CPU
		{BA61BB7D-72E9-44EF-99B9-69CA5E674A1B}.Release|Any CPU.Build.0 = Release|Any CPU
		{31F196A7-1FA4-4D91-A030-94B881D1C7CC}.Debug|Any CPU.ActiveCfg = Debug
		{31F196A7-1FA4-4D91-A030-94B881D1C7CC}.Development|Any CPU.ActiveCfg = Debug
		{31F196A7-1FA4-4D91-A030-94B881D1C7CC}.Development|Any CPU.Build.0 = Debug
		{31F196A7-1FA4-4D91-A030-94B881D1C7CC}.Release|Any CPU.ActiveCfg = Release
		{17B02DA6-7119-4EEC-AED2-916E21AD5649}.Debug|Any CPU.ActiveCfg = Development
		{17B02DA6-7119-4EEC-AED2-916E21AD5649}.Debug|Any CPU.Build.0 = Development
		{17B02DA6-7119-4EEC-AED2-916E21AD5649}.Development|Any CPU.ActiveCfg = Development
		{17B02DA6-7119-4EEC-AED2-916E21AD5649}.Development|Any CPU.Build.0 = Development
		{17B02DA6-7119-4EEC-AED2-916E21AD5649}.Release|Any CPU.ActiveCfg = Development
		{17B02DA6-7119-4EEC-AED2-916E21AD5649}.Release|Any CPU.Build.0 = Development
		{333CA155-A5F6-4CFD-A5CC-CCA9370FFBBD}.Debug|Any CPU.ActiveCfg = Debug|Any CPU
		{333CA155-A5F6-4CFD-A5CC-CCA9370FFBBD}.Debug|Any CPU.Build.0 = Debug|Any CPU
		{333CA155-A5F6-4CFD-A5CC-CCA9370FFBBD}.Development|Any CPU.ActiveCfg = Debug|Any CPU
		{333CA155-A5F6-4CFD-A5CC-CCA9370FFBBD}.Development|Any CPU.Build.0 = Debug|Any CPU
		{333CA155-A5F6-4CFD-A5CC-CCA9370FFBBD}.Development|Any CPU.Deploy.0 = Debug|Any CPU
		{333CA155-A5F6-4CFD-A5CC-CCA9370FFBBD}.Release|Any CPU.ActiveCfg = Release|Any CPU
		{333CA155-A5F6-4CFD-A5CC-CCA9370FFBBD}.Release|Any CPU.Build.0 = Release|Any CPU
		{333CA155-A5F6-4CFD-A5CC-CCA9370FFBBD}.Release|Any CPU.Deploy.0 = Release|Any CPU
	EndGlobalSection
	GlobalSection(SolutionProperties) = preSolution
		HideSolutionNode = FALSE
	EndGlobalSection
EndGlobal
